
Microsoft Visual Studio Solution File, Format Version 12.00
# Visual Studio Version 17
VisualStudioVersion = 17.0.31903.59
MinimumVisualStudioVersion = 10.0.40219.1
Project("{FAE04EC0-301F-11D3-BF4B-00C04F79EFBC}") = "MVVM", "CLD.MVVM\MVVM.csproj", "{0882839A-D20F-4B08-BF16-F210F4D08472}"
EndProject
Project("{FAE04EC0-301F-11D3-BF4B-00C04F79EFBC}") = "MVVM.tests", "CLD.MVVM.tests\MVVM.tests.csproj", "{DB90E2E5-7415-4499-976C-93BB85E20D9D}"
EndProject
Global
	GlobalSection(SolutionConfigurationPlatforms) = preSolution
		Debug|Any CPU = Debug|Any CPU
		Debug|x64 = Debug|x64
		Debug|x86 = Debug|x86
		Release|Any CPU = Release|Any CPU
		Release|x64 = Release|x64
		Release|x86 = Release|x86
	EndGlobalSection
	GlobalSection(ProjectConfigurationPlatforms) = postSolution
		{0882839A-D20F-4B08-BF16-F210F4D08472}.Debug|Any CPU.ActiveCfg = Debug|Any CPU
		{0882839A-D20F-4B08-BF16-F210F4D08472}.Debug|Any CPU.Build.0 = Debug|Any CPU
		{0882839A-D20F-4B08-BF16-F210F4D08472}.Debug|x64.ActiveCfg = Debug|Any CPU
		{0882839A-D20F-4B08-BF16-F210F4D08472}.Debug|x64.Build.0 = Debug|Any CPU
		{0882839A-D20F-4B08-BF16-F210F4D08472}.Debug|x86.ActiveCfg = Debug|Any CPU
		{0882839A-D20F-4B08-BF16-F210F4D08472}.Debug|x86.Build.0 = Debug|Any CPU
		{0882839A-D20F-4B08-BF16-F210F4D08472}.Release|Any CPU.ActiveCfg = Release|Any CPU
		{0882839A-D20F-4B08-BF16-F210F4D08472}.Release|Any CPU.Build.0 = Release|Any CPU
		{0882839A-D20F-4B08-BF16-F210F4D08472}.Release|x64.ActiveCfg = Release|Any CPU
		{0882839A-D20F-4B08-BF16-F210F4D08472}.Release|x64.Build.0 = Release|Any CPU
		{0882839A-D20F-4B08-BF16-F210F4D08472}.Release|x86.ActiveCfg = Release|Any CPU
		{0882839A-D20F-4B08-BF16-F210F4D08472}.Release|x86.Build.0 = Release|Any CPU
		{DB90E2E5-7415-4499-976C-93BB85E20D9D}.Debug|Any CPU.ActiveCfg = Debug|Any CPU
		{DB90E2E5-7415-4499-976C-93BB85E20D9D}.Debug|Any CPU.Build.0 = Debug|Any CPU
		{DB90E2E5-7415-4499-976C-93BB85E20D9D}.Debug|x64.ActiveCfg = Debug|Any CPU
		{DB90E2E5-7415-4499-976C-93BB85E20D9D}.Debug|x64.Build.0 = Debug|Any CPU
		{DB90E2E5-7415-4499-976C-93BB85E20D9D}.Debug|x86.ActiveCfg = Debug|Any CPU
		{DB90E2E5-7415-4499-976C-93BB85E20D9D}.Debug|x86.Build.0 = Debug|Any CPU
		{DB90E2E5-7415-4499-976C-93BB85E20D9D}.Release|Any CPU.ActiveCfg = Release|Any CPU
		{DB90E2E5-7415-4499-976C-93BB85E20D9D}.Release|Any CPU.Build.0 = Release|Any CPU
		{DB90E2E5-7415-4499-976C-93BB85E20D9D}.Release|x64.ActiveCfg = Release|Any CPU
		{DB90E2E5-7415-4499-976C-93BB85E20D9D}.Release|x64.Build.0 = Release|Any CPU
		{DB90E2E5-7415-4499-976C-93BB85E20D9D}.Release|x86.ActiveCfg = Release|Any CPU
		{DB90E2E5-7415-4499-976C-93BB85E20D9D}.Release|x86.Build.0 = Release|Any CPU
	EndGlobalSection
	GlobalSection(SolutionProperties) = preSolution
		HideSolutionNode = FALSE
	EndGlobalSection
EndGlobal
